Microsoft Visual Studio Solution File, Format Version 11.00
# Visual Studio 2008

Project("{4BB991EF-87FB-E44C-C913-49217F8E3B36}") = "Traycer", "Assembly-CSharp.csproj", "{460A67AD-4382-24B1-F0F6-FB72E8021F29}"
EndProject
Global
	GlobalSection(SolutionConfigurationPlatforms) = preSolution
		Debug|Any CPU = Debug|Any CPU
		Release|Any CPU = Release|Any CPU
	EndGlobalSection
	GlobalSection(ProjectConfigurationPlatforms) = postSolution
		{460A67AD-4382-24B1-F0F6-FB72E8021F29}.Debug|Any CPU.ActiveCfg = Debug|Any CPU
		{460A67AD-4382-24B1-F0F6-FB72E8021F29}.Debug|Any CPU.Build.0 = Debug|Any CPU
		{460A67AD-4382-24B1-F0F6-FB72E8021F29}.Release|Any CPU.ActiveCfg = Release|Any CPU
		{460A67AD-4382-24B1-F0F6-FB72E8021F29}.Release|Any CPU.Build.0 = Release|Any CPU
	EndGlobalSection
	GlobalSection(SolutionProperties) = preSolution
		HideSolutionNode = FALSE
	EndGlobalSection
	GlobalSection(MonoDevelopProperties) = preSolution
		StartupItem = Assembly-CSharp.csproj
	EndGlobalSection
EndGlobal
